<?xml version="1.0" encoding="utf-8"?>
<Project ToolsVersion="4.0" xmlns="http://schemas.microsoft.com/developer/msbuild/2003">
  <ItemGroup>
    <ClInclude Include="stdafx.h" />
    <ClInclude Include="Log.h" />
    <ClInclude Include="LogSegment.h" />
    <ClInclude Include="LogCursor.h" />
    <ClInclude Include="LogFwd.h" />
    <ClInclude Include="MemoryMappedFile.h">
      <Filter>Platform</Filter>
    </ClInclude>
    <ClInclude Include="PlatformHelpers.h">
      <Filter>Platform</Filter>
    </ClInclude>
  </ItemGroup>
  <ItemGroup>
    <ClCompile Include="stdafx.cpp" />
    <ClCompile Include="Log.cpp" />
    <ClCompile Include="LogSegment.cpp" />
    <ClCompile Include="LogCursor.cpp" />
    <ClCompile Include="test.cpp" />
    <ClCompile Include="MemoryMappedFile.cpp">
      <Filter>Platform</Filter>
    </ClCompile>
  </ItemGroup>
  <ItemGroup>
    <Filter Include="Platform">
      <UniqueIdentifier>{40b64811-9b65-4094-99f5-16f02792bd52}</UniqueIdentifier>
    </Filter>
  </ItemGroup>
</Project>